// !$*UTF8*$!
{
	archiveVersion = 1;
	classes = {
	};
	objectVersion = 56;
	objects = {

/* Begin PBXBuildFile section */
		1204AFFB2B45389600C92C40 /* NotificationService.swift in Sources */ = {isa = PBXBuildFile; fileRef = 1204AFFA2B45389600C92C40 /* NotificationService.swift */; };
		1204AFFF2B45389600C92C40 /* NotificationServiceExtension.appex in Embed Foundation Extensions */ = {isa = PBXBuildFile; fileRef = 1204AFF82B45389600C92C40 /* NotificationServiceExtension.appex */; settings = {ATTRIBUTES = (RemoveHeadersOnCopy, ); }; };
		12A0C7E32B43E7DC0060E039 /* FirebaseAnalytics in Frameworks */ = {isa = PBXBuildFile; productRef = 12A0C7E22B43E7DC0060E039 /* FirebaseAnalytics */; };
		12A0C7E52B43E7DC0060E039 /* FirebaseAnalyticsOnDeviceConversion in Frameworks */ = {isa = PBXBuildFile; productRef = 12A0C7E42B43E7DC0060E039 /* FirebaseAnalyticsOnDeviceConversion */; };
		12A0C7E72B43E7DC0060E039 /* FirebaseAnalyticsSwift in Frameworks */ = {isa = PBXBuildFile; productRef = 12A0C7E62B43E7DC0060E039 /* FirebaseAnalyticsSwift */; };
		12A0C7E92B43E7DC0060E039 /* FirebaseAnalyticsWithoutAdIdSupport in Frameworks */ = {isa = PBXBuildFile; productRef = 12A0C7E82B43E7DC0060E039 /* FirebaseAnalyticsWithoutAdIdSupport */; };
		12A0C7EB2B43E7DC0060E039 /* FirebaseAppCheck in Frameworks */ = {isa = PBXBuildFile; productRef = 12A0C7EA2B43E7DC0060E039 /* FirebaseAppCheck */; };
		12A0C7F32B43FA800060E039 /* FirebaseMessaging in Frameworks */ = {isa = PBXBuildFile; productRef = 12A0C7F22B43FA800060E039 /* FirebaseMessaging */; };
		12A0C7F72B4406A80060E039 /* GoogleService-Info.plist in Resources */ = {isa = PBXBuildFile; fileRef = 12A0C7F62B4406A80060E039 /* GoogleService-Info.plist */; };
		12A2B0AD2B819E4700C44B17 /* Intents.framework in Frameworks */ = {isa = PBXBuildFile; fileRef = 12A2B0862B819C3500C44B17 /* Intents.framework */; };
		12A2B0B02B819E4700C44B17 /* IntentHandler.swift in Sources */ = {isa = PBXBuildFile; fileRef = 12A2B0AF2B819E4700C44B17 /* IntentHandler.swift */; };
		12A2B0B72B819E4700C44B17 /* IntentsUI.framework in Frameworks */ = {isa = PBXBuildFile; fileRef = 12A2B0912B819C3500C44B17 /* IntentsUI.framework */; };
		12A2B0BA2B819E4700C44B17 /* IntentViewController.swift in Sources */ = {isa = PBXBuildFile; fileRef = 12A2B0B92B819E4700C44B17 /* IntentViewController.swift */; };
		12A2B0BD2B819E4700C44B17 /* MainInterface.storyboard in Resources */ = {isa = PBXBuildFile; fileRef = 12A2B0BB2B819E4700C44B17 /* MainInterface.storyboard */; };
		12A2B0C12B819E4700C44B17 /* shortcutsUI.appex in Embed Foundation Extensions */ = {isa = PBXBuildFile; fileRef = 12A2B0B62B819E4700C44B17 /* shortcutsUI.appex */; settings = {ATTRIBUTES = (RemoveHeadersOnCopy, ); }; };
		12A2B0C42B819E4700C44B17 /* shortcuts.appex in Embed Foundation Extensions */ = {isa = PBXBuildFile; fileRef = 12A2B0AC2B819E4700C44B17 /* shortcuts.appex */; settings = {ATTRIBUTES = (RemoveHeadersOnCopy, ); }; };
		12A2B0CC2B81A03000C44B17 /* TokenMannager.swift in Sources */ = {isa = PBXBuildFile; fileRef = 12A2B0CB2B81A03000C44B17 /* TokenMannager.swift */; };
		12A2B0CD2B81A03000C44B17 /* TokenMannager.swift in Sources */ = {isa = PBXBuildFile; fileRef = 12A2B0CB2B81A03000C44B17 /* TokenMannager.swift */; };
		12A2B0CE2B81A03000C44B17 /* TokenMannager.swift in Sources */ = {isa = PBXBuildFile; fileRef = 12A2B0CB2B81A03000C44B17 /* TokenMannager.swift */; };
		12E8183D2B247C710016AF71 /* LooiApp.swift in Sources */ = {isa = PBXBuildFile; fileRef = 12E8183C2B247C710016AF71 /* LooiApp.swift */; };
		12E818412B247C720016AF71 /* Assets.xcassets in Resources */ = {isa = PBXBuildFile; fileRef = 12E818402B247C720016AF71 /* Assets.xcassets */; };
		12E818442B247C720016AF71 /* Preview Assets.xcassets in Resources */ = {isa = PBXBuildFile; fileRef = 12E818432B247C720016AF71 /* Preview Assets.xcassets */; };
		12E8184B2B247D2D0016AF71 /* Reachability.swift in Sources */ = {isa = PBXBuildFile; fileRef = 12E8184A2B247D2D0016AF71 /* Reachability.swift */; };
		12E8184D2B248E340016AF71 /* SplashView.swift in Sources */ = {isa = PBXBuildFile; fileRef = 12E8184C2B248E340016AF71 /* SplashView.swift */; };
		12E818502B248E900016AF71 /* WebView.swift in Sources */ = {isa = PBXBuildFile; fileRef = 12E8184F2B248E900016AF71 /* WebView.swift */; };
		12E818542B2495570016AF71 /* ViewController.swift in Sources */ = {isa = PBXBuildFile; fileRef = 12E818532B2495570016AF71 /* ViewController.swift */; };
/* End PBXBuildFile section */

/* Begin PBXContainerItemProxy section */
		1204AFFD2B45389600C92C40 /* PBXContainerItemProxy */ = {
			isa = PBXContainerItemProxy;
			containerPortal = 12E818312B247C710016AF71 /* Project object */;
			proxyType = 1;
			remoteGlobalIDString = 1204AFF72B45389600C92C40;
			remoteInfo = NotificationServiceExtension;
		};
		12A2B0BF2B819E4700C44B17 /* PBXContainerItemProxy */ = {
			isa = PBXContainerItemProxy;
			containerPortal = 12E818312B247C710016AF71 /* Project object */;
			proxyType = 1;
			remoteGlobalIDString = 12A2B0B52B819E4700C44B17;
			remoteInfo = shortcutsUI;
		};
		12A2B0C22B819E4700C44B17 /* PBXContainerItemProxy */ = {
			isa = PBXContainerItemProxy;
			containerPortal = 12E818312B247C710016AF71 /* Project object */;
			proxyType = 1;
			remoteGlobalIDString = 12A2B0AB2B819E4700C44B17;
			remoteInfo = shortcuts;
		};
/* End PBXContainerItemProxy section */

/* Begin PBXCopyFilesBuildPhase section */
		1204B0002B45389600C92C40 /* Embed Foundation Extensions */ = {
			isa = PBXCopyFilesBuildPhase;
			buildActionMask = 12;
			dstPath = "";
			dstSubfolderSpec = 13;
			files = (
				12A2B0C12B819E4700C44B17 /* shortcutsUI.appex in Embed Foundation Extensions */,
				1204AFFF2B45389600C92C40 /* NotificationServiceExtension.appex in Embed Foundation Extensions */,
				12A2B0C42B819E4700C44B17 /* shortcuts.appex in Embed Foundation Extensions */,
			);
			name = "Embed Foundation Extensions";
			runOnlyForDeploymentPostprocessing = 0;
		};
		12E9F1DC2B742B3800B1D8E5 /* Embed ExtensionKit Extensions */ = {
			isa = PBXCopyFilesBuildPhase;
			buildActionMask = 2147483647;
			dstPath = "$(EXTENSIONS_FOLDER_PATH)";
			dstSubfolderSpec = 16;
			files = (
			);
			name = "Embed ExtensionKit Extensions";
			runOnlyForDeploymentPostprocessing = 0;
		};
/* End PBXCopyFilesBuildPhase section */

/* Begin PBXFileReference section */
		1204AFF82B45389600C92C40 /* NotificationServiceExtension.appex */ = {isa = PBXFileReference; explicitFileType = "wrapper.app-extension"; includeInIndex = 0; path = NotificationServiceExtension.appex; sourceTree = BUILT_PRODUCTS_DIR; };
		1204AFFA2B45389600C92C40 /* NotificationService.swift */ = {isa = PBXFileReference; lastKnownFileType = sourcecode.swift; path = NotificationService.swift; sourceTree = "<group>"; };
		1204AFFC2B45389600C92C40 /* Info.plist */ = {isa = PBXFileReference; lastKnownFileType = text.plist.xml; path = Info.plist; sourceTree = "<group>"; };
		1255B89F2B469BD300034EE9 /* Debug.xcconfig */ = {isa = PBXFileReference; lastKnownFileType = text.xcconfig; path = Debug.xcconfig; sourceTree = "<group>"; };
		1255B8A12B469BFB00034EE9 /* Release.xcconfig */ = {isa = PBXFileReference; lastKnownFileType = text.xcconfig; path = Release.xcconfig; sourceTree = "<group>"; };
		12A0C7F52B43FC970060E039 /* LooiDebug.entitlements */ = {isa = PBXFileReference; lastKnownFileType = text.plist.entitlements; path = LooiDebug.entitlements; sourceTree = "<group>"; };
		12A0C7F62B4406A80060E039 /* GoogleService-Info.plist */ = {isa = PBXFileReference; fileEncoding = 4; lastKnownFileType = text.plist.xml; name = "GoogleService-Info.plist"; path = "Looi/GoogleService-Info.plist"; sourceTree = "<group>"; };
		12A2B0862B819C3500C44B17 /* Intents.framework */ = {isa = PBXFileReference; lastKnownFileType = wrapper.framework; name = Intents.framework; path = System/Library/Frameworks/Intents.framework; sourceTree = SDKROOT; };
		12A2B0912B819C3500C44B17 /* IntentsUI.framework */ = {isa = PBXFileReference; lastKnownFileType = wrapper.framework; name = IntentsUI.framework; path = System/Library/Frameworks/IntentsUI.framework; sourceTree = SDKROOT; };
		12A2B0AC2B819E4700C44B17 /* shortcuts.appex */ = {isa = PBXFileReference; explicitFileType = "wrapper.app-extension"; includeInIndex = 0; path = shortcuts.appex; sourceTree = BUILT_PRODUCTS_DIR; };
		12A2B0AF2B819E4700C44B17 /* IntentHandler.swift */ = {isa = PBXFileReference; lastKnownFileType = sourcecode.swift; path = IntentHandler.swift; sourceTree = "<group>"; };
		12A2B0B12B819E4700C44B17 /* Info.plist */ = {isa = PBXFileReference; lastKnownFileType = text.plist.xml; path = Info.plist; sourceTree = "<group>"; };
		12A2B0B62B819E4700C44B17 /* shortcutsUI.appex */ = {isa = PBXFileReference; explicitFileType = "wrapper.app-extension"; includeInIndex = 0; path = shortcutsUI.appex; sourceTree = BUILT_PRODUCTS_DIR; };
		12A2B0B92B819E4700C44B17 /* IntentViewController.swift */ = {isa = PBXFileReference; lastKnownFileType = sourcecode.swift; path = IntentViewController.swift; sourceTree = "<group>"; };
		12A2B0BC2B819E4700C44B17 /* Base */ = {isa = PBXFileReference; lastKnownFileType = file.storyboard; name = Base; path = Base.lproj/MainInterface.storyboard; sourceTree = "<group>"; };
		12A2B0BE2B819E4700C44B17 /* Info.plist */ = {isa = PBXFileReference; lastKnownFileType = text.plist.xml; path = Info.plist; sourceTree = "<group>"; };
		12A2B0CB2B81A03000C44B17 /* TokenMannager.swift */ = {isa = PBXFileReference; lastKnownFileType = sourcecode.swift; path = TokenMannager.swift; sourceTree = "<group>"; };
		12E818392B247C710016AF71 /* Looi.app */ = {isa = PBXFileReference; explicitFileType = wrapper.application; includeInIndex = 0; path = Looi.app; sourceTree = BUILT_PRODUCTS_DIR; };
		12E8183C2B247C710016AF71 /* LooiApp.swift */ = {isa = PBXFileReference; lastKnownFileType = sourcecode.swift; path = LooiApp.swift; sourceTree = "<group>"; };
		12E818402B247C720016AF71 /* Assets.xcassets */ = {isa = PBXFileReference; lastKnownFileType = folder.assetcatalog; path = Assets.xcassets; sourceTree = "<group>"; };
		12E818432B247C720016AF71 /* Preview Assets.xcassets */ = {isa = PBXFileReference; lastKnownFileType = folder.assetcatalog; path = "Preview Assets.xcassets"; sourceTree = "<group>"; };
		12E8184A2B247D2D0016AF71 /* Reachability.swift */ = {isa = PBXFileReference; lastKnownFileType = sourcecode.swift; path = Reachability.swift; sourceTree = "<group>"; };
		12E8184C2B248E340016AF71 /* SplashView.swift */ = {isa = PBXFileReference; lastKnownFileType = sourcecode.swift; path = SplashView.swift; sourceTree = "<group>"; };
		12E8184F2B248E900016AF71 /* WebView.swift */ = {isa = PBXFileReference; lastKnownFileType = sourcecode.swift; path = WebView.swift; sourceTree = "<group>"; };
		12E818532B2495570016AF71 /* ViewController.swift */ = {isa = PBXFileReference; lastKnownFileType = sourcecode.swift; path = ViewController.swift; sourceTree = "<group>"; };
		12E9F1C42B74282D00B1D8E5 /* shortcutFunc.swift */ = {isa = PBXFileReference; lastKnownFileType = sourcecode.swift; path = shortcutFunc.swift; sourceTree = "<group>"; };
		12E9F1C52B74282D00B1D8E5 /* registerToShortcut.swift */ = {isa = PBXFileReference; lastKnownFileType = sourcecode.swift; path = registerToShortcut.swift; sourceTree = "<group>"; };
		12E9F1D12B742B3800B1D8E5 /* shortcutExtension.swift */ = {isa = PBXFileReference; lastKnownFileType = sourcecode.swift; path = shortcutExtension.swift; sourceTree = "<group>"; };
		12E9F1D32B742B3800B1D8E5 /* shortcut.swift */ = {isa = PBXFileReference; lastKnownFileType = sourcecode.swift; path = shortcut.swift; sourceTree = "<group>"; };
		12E9F1D52B742B3800B1D8E5 /* Info.plist */ = {isa = PBXFileReference; lastKnownFileType = text.plist.xml; path = Info.plist; sourceTree = "<group>"; };
/* End PBXFileReference section */

/* Begin PBXFrameworksBuildPhase section */
		1204AFF52B45389600C92C40 /* Frameworks */ = {
			isa = PBXFrameworksBuildPhase;
			buildActionMask = 2147483647;
			files = (
			);
			runOnlyForDeploymentPostprocessing = 0;
		};
		12A2B0A92B819E4700C44B17 /* Frameworks */ = {
			isa = PBXFrameworksBuildPhase;
			buildActionMask = 2147483647;
			files = (
				12A2B0AD2B819E4700C44B17 /* Intents.framework in Frameworks */,
			);
			runOnlyForDeploymentPostprocessing = 0;
		};
		12A2B0B32B819E4700C44B17 /* Frameworks */ = {
			isa = PBXFrameworksBuildPhase;
			buildActionMask = 2147483647;
			files = (
				12A2B0B72B819E4700C44B17 /* IntentsUI.framework in Frameworks */,
			);
			runOnlyForDeploymentPostprocessing = 0;
		};
		12E818362B247C710016AF71 /* Frameworks */ = {
			isa = PBXFrameworksBuildPhase;
			buildActionMask = 2147483647;
			files = (
				12A0C7F32B43FA800060E039 /* FirebaseMessaging in Frameworks */,
				12A0C7E72B43E7DC0060E039 /* FirebaseAnalyticsSwift in Frameworks */,
				12A0C7E32B43E7DC0060E039 /* FirebaseAnalytics in Frameworks */,
				12A0C7E52B43E7DC0060E039 /* FirebaseAnalyticsOnDeviceConversion in Frameworks */,
				12A0C7EB2B43E7DC0060E039 /* FirebaseAppCheck in Frameworks */,
				12A0C7E92B43E7DC0060E039 /* FirebaseAnalyticsWithoutAdIdSupport in Frameworks */,
			);
			runOnlyForDeploymentPostprocessing = 0;
		};
/* End PBXFrameworksBuildPhase section */

/* Begin PBXGroup section */
		1204AFF92B45389600C92C40 /* NotificationServiceExtension */ = {
			isa = PBXGroup;
			children = (
				1204AFFA2B45389600C92C40 /* NotificationService.swift */,
				1204AFFC2B45389600C92C40 /* Info.plist */,
			);
			path = NotificationServiceExtension;
			sourceTree = "<group>";
		};
		1255B89E2B469BC200034EE9 /* XConfig */ = {
			isa = PBXGroup;
			children = (
				1255B89F2B469BD300034EE9 /* Debug.xcconfig */,
				1255B8A12B469BFB00034EE9 /* Release.xcconfig */,
			);
			path = XConfig;
			sourceTree = "<group>";
		};
		12A0C7F12B43FA800060E039 /* Frameworks */ = {
			isa = PBXGroup;
			children = (
				12A2B0862B819C3500C44B17 /* Intents.framework */,
				12A2B0912B819C3500C44B17 /* IntentsUI.framework */,
			);
			name = Frameworks;
			sourceTree = "<group>";
		};
		12A2B0AE2B819E4700C44B17 /* shortcuts */ = {
			isa = PBXGroup;
			children = (
				12A2B0AF2B819E4700C44B17 /* IntentHandler.swift */,
				12A2B0B12B819E4700C44B17 /* Info.plist */,
			);
			path = shortcuts;
			sourceTree = "<group>";
		};
		12A2B0B82B819E4700C44B17 /* shortcutsUI */ = {
			isa = PBXGroup;
			children = (
				12A2B0B92B819E4700C44B17 /* IntentViewController.swift */,
				12A2B0BB2B819E4700C44B17 /* MainInterface.storyboard */,
				12A2B0BE2B819E4700C44B17 /* Info.plist */,
			);
			path = shortcutsUI;
			sourceTree = "<group>";
		};
		12E818302B247C710016AF71 = {
			isa = PBXGroup;
			children = (
				1255B89E2B469BC200034EE9 /* XConfig */,
				12A0C7F62B4406A80060E039 /* GoogleService-Info.plist */,
				12E8183B2B247C710016AF71 /* Looi */,
				1204AFF92B45389600C92C40 /* NotificationServiceExtension */,
				12E9F1D02B742B3800B1D8E5 /* shortcut */,
				12A2B0AE2B819E4700C44B17 /* shortcuts */,
				12A2B0B82B819E4700C44B17 /* shortcutsUI */,
				12E8183A2B247C710016AF71 /* Products */,
				12A0C7F12B43FA800060E039 /* Frameworks */,
			);
			sourceTree = "<group>";
		};
		12E8183A2B247C710016AF71 /* Products */ = {
			isa = PBXGroup;
			children = (
				12E818392B247C710016AF71 /* Looi.app */,
				1204AFF82B45389600C92C40 /* NotificationServiceExtension.appex */,
				12A2B0AC2B819E4700C44B17 /* shortcuts.appex */,
				12A2B0B62B819E4700C44B17 /* shortcutsUI.appex */,
			);
			name = Products;
			sourceTree = "<group>";
		};
		12E8183B2B247C710016AF71 /* Looi */ = {
			isa = PBXGroup;
			children = (
				12E9F1C32B74282D00B1D8E5 /* shortcut */,
				12A0C7F52B43FC970060E039 /* LooiDebug.entitlements */,
				12E8184E2B248E400016AF71 /* View */,
				12E8183C2B247C710016AF71 /* LooiApp.swift */,
				12E8184A2B247D2D0016AF71 /* Reachability.swift */,
				12E818402B247C720016AF71 /* Assets.xcassets */,
				12E818422B247C720016AF71 /* Preview Content */,
			);
			path = Looi;
			sourceTree = "<group>";
		};
		12E818422B247C720016AF71 /* Preview Content */ = {
			isa = PBXGroup;
			children = (
				12E818432B247C720016AF71 /* Preview Assets.xcassets */,
			);
			path = "Preview Content";
			sourceTree = "<group>";
		};
		12E8184E2B248E400016AF71 /* View */ = {
			isa = PBXGroup;
			children = (
				12E8184C2B248E340016AF71 /* SplashView.swift */,
				12E8184F2B248E900016AF71 /* WebView.swift */,
				12E818532B2495570016AF71 /* ViewController.swift */,
				12A2B0CB2B81A03000C44B17 /* TokenMannager.swift */,
			);
			path = View;
			sourceTree = "<group>";
		};
		12E9F1C32B74282D00B1D8E5 /* shortcut */ = {
			isa = PBXGroup;
			children = (
				12E9F1C42B74282D00B1D8E5 /* shortcutFunc.swift */,
				12E9F1C52B74282D00B1D8E5 /* registerToShortcut.swift */,
			);
			name = shortcut;
			path = View/shortcut;
			sourceTree = "<group>";
		};
		12E9F1D02B742B3800B1D8E5 /* shortcut */ = {
			isa = PBXGroup;
			children = (
				12E9F1D12B742B3800B1D8E5 /* shortcutExtension.swift */,
				12E9F1D32B742B3800B1D8E5 /* shortcut.swift */,
				12E9F1D52B742B3800B1D8E5 /* Info.plist */,
			);
			path = shortcut;
			sourceTree = "<group>";
		};
/* End PBXGroup section */

/* Begin PBXNativeTarget section */
		1204AFF72B45389600C92C40 /* NotificationServiceExtension */ = {
			isa = PBXNativeTarget;
			buildConfigurationList = 1204B0032B45389600C92C40 /* Build configuration list for PBXNativeTarget "NotificationServiceExtension" */;
			buildPhases = (
				1204AFF42B45389600C92C40 /* Sources */,
				1204AFF52B45389600C92C40 /* Frameworks */,
				1204AFF62B45389600C92C40 /* Resources */,
			);
			buildRules = (
			);
			dependencies = (
			);
			name = NotificationServiceExtension;
			productName = NotificationServiceExtension;
			productReference = 1204AFF82B45389600C92C40 /* NotificationServiceExtension.appex */;
			productType = "com.apple.product-type.app-extension";
		};
		12A2B0AB2B819E4700C44B17 /* shortcuts */ = {
			isa = PBXNativeTarget;
			buildConfigurationList = 12A2B0C82B819E4700C44B17 /* Build configuration list for PBXNativeTarget "shortcuts" */;
			buildPhases = (
				12A2B0A82B819E4700C44B17 /* Sources */,
				12A2B0A92B819E4700C44B17 /* Frameworks */,
				12A2B0AA2B819E4700C44B17 /* Resources */,
			);
			buildRules = (
			);
			dependencies = (
			);
			name = shortcuts;
			productName = shortcuts;
			productReference = 12A2B0AC2B819E4700C44B17 /* shortcuts.appex */;
			productType = "com.apple.product-type.app-extension";
		};
		12A2B0B52B819E4700C44B17 /* shortcutsUI */ = {
			isa = PBXNativeTarget;
			buildConfigurationList = 12A2B0C52B819E4700C44B17 /* Build configuration list for PBXNativeTarget "shortcutsUI" */;
			buildPhases = (
				12A2B0B22B819E4700C44B17 /* Sources */,
				12A2B0B32B819E4700C44B17 /* Frameworks */,
				12A2B0B42B819E4700C44B17 /* Resources */,
			);
			buildRules = (
			);
			dependencies = (
			);
			name = shortcutsUI;
			productName = shortcutsUI;
			productReference = 12A2B0B62B819E4700C44B17 /* shortcutsUI.appex */;
			productType = "com.apple.product-type.app-extension";
		};
		12E818382B247C710016AF71 /* Looi */ = {
			isa = PBXNativeTarget;
			buildConfigurationList = 12E818472B247C720016AF71 /* Build configuration list for PBXNativeTarget "Looi" */;
			buildPhases = (
				12E818352B247C710016AF71 /* Sources */,
				12E818362B247C710016AF71 /* Frameworks */,
				12E818372B247C710016AF71 /* Resources */,
				1204B0002B45389600C92C40 /* Embed Foundation Extensions */,
				12E9F1DC2B742B3800B1D8E5 /* Embed ExtensionKit Extensions */,
			);
			buildRules = (
			);
			dependencies = (
				1204AFFE2B45389600C92C40 /* PBXTargetDependency */,
				12A2B0C02B819E4700C44B17 /* PBXTargetDependency */,
				12A2B0C32B819E4700C44B17 /* PBXTargetDependency */,
			);
			name = Looi;
			packageProductDependencies = (
				12A0C7E22B43E7DC0060E039 /* FirebaseAnalytics */,
				12A0C7E42B43E7DC0060E039 /* FirebaseAnalyticsOnDeviceConversion */,
				12A0C7E62B43E7DC0060E039 /* FirebaseAnalyticsSwift */,
				12A0C7E82B43E7DC0060E039 /* FirebaseAnalyticsWithoutAdIdSupport */,
				12A0C7EA2B43E7DC0060E039 /* FirebaseAppCheck */,
				12A0C7F22B43FA800060E039 /* FirebaseMessaging */,
			);
			productName = "LOOK-I";
			productReference = 12E818392B247C710016AF71 /* Looi.app */;
			productType = "com.apple.product-type.application";
		};
/* End PBXNativeTarget section */

/* Begin PBXProject section */
		12E818312B247C710016AF71 /* Project object */ = {
			isa = PBXProject;
			attributes = {
				BuildIndependentTargetsInParallel = 1;
				LastSwiftUpdateCheck = 1520;
				LastUpgradeCheck = 1520;
				TargetAttributes = {
					1204AFF72B45389600C92C40 = {
						CreatedOnToolsVersion = 15.1;
					};
					12A2B0AB2B819E4700C44B17 = {
						CreatedOnToolsVersion = 15.2;
					};
					12A2B0B52B819E4700C44B17 = {
						CreatedOnToolsVersion = 15.2;
					};
					12E818382B247C710016AF71 = {
						CreatedOnToolsVersion = 14.3.1;
					};
				};
			};
			buildConfigurationList = 12E818342B247C710016AF71 /* Build configuration list for PBXProject "Looi" */;
			compatibilityVersion = "Xcode 14.0";
			developmentRegion = en;
			hasScannedForEncodings = 0;
			knownRegions = (
				en,
				Base,
			);
			mainGroup = 12E818302B247C710016AF71;
			packageReferences = (
				12A0C7E12B43E7DC0060E039 /* XCRemoteSwiftPackageReference "firebase-ios-sdk" */,
			);
			productRefGroup = 12E8183A2B247C710016AF71 /* Products */;
			projectDirPath = "";
			projectRoot = "";
			targets = (
				12E818382B247C710016AF71 /* Looi */,
				1204AFF72B45389600C92C40 /* NotificationServiceExtension */,
				12A2B0AB2B819E4700C44B17 /* shortcuts */,
				12A2B0B52B819E4700C44B17 /* shortcutsUI */,
			);
		};
/* End PBXProject section */

/* Begin PBXResourcesBuildPhase section */
		1204AFF62B45389600C92C40 /* Resources */ = {
			isa = PBXResourcesBuildPhase;
			buildActionMask = 2147483647;
			files = (
			);
			runOnlyForDeploymentPostprocessing = 0;
		};
		12A2B0AA2B819E4700C44B17 /* Resources */ = {
			isa = PBXResourcesBuildPhase;
			buildActionMask = 2147483647;
			files = (
			);
			runOnlyForDeploymentPostprocessing = 0;
		};
		12A2B0B42B819E4700C44B17 /* Resources */ = {
			isa = PBXResourcesBuildPhase;
			buildActionMask = 2147483647;
			files = (
				12A2B0BD2B819E4700C44B17 /* MainInterface.storyboard in Resources */,
			);
			runOnlyForDeploymentPostprocessing = 0;
		};
		12E818372B247C710016AF71 /* Resources */ = {
			isa = PBXResourcesBuildPhase;
			buildActionMask = 2147483647;
			files = (
				12E818442B247C720016AF71 /* Preview Assets.xcassets in Resources */,
				12E818412B247C720016AF71 /* Assets.xcassets in Resources */,
				12A0C7F72B4406A80060E039 /* GoogleService-Info.plist in Resources */,
			);
			runOnlyForDeploymentPostprocessing = 0;
		};
/* End PBXResourcesBuildPhase section */

/* Begin PBXSourcesBuildPhase section */
		1204AFF42B45389600C92C40 /* Sources */ = {
			isa = PBXSourcesBuildPhase;
			buildActionMask = 2147483647;
			files = (
				1204AFFB2B45389600C92C40 /* NotificationService.swift in Sources */,
			);
			runOnlyForDeploymentPostprocessing = 0;
		};
		12A2B0A82B819E4700C44B17 /* Sources */ = {
			isa = PBXSourcesBuildPhase;
			buildActionMask = 2147483647;
			files = (
				12A2B0CD2B81A03000C44B17 /* TokenMannager.swift in Sources */,
				12A2B0B02B819E4700C44B17 /* IntentHandler.swift in Sources */,
			);
			runOnlyForDeploymentPostprocessing = 0;
		};
		12A2B0B22B819E4700C44B17 /* Sources */ = {
			isa = PBXSourcesBuildPhase;
			buildActionMask = 2147483647;
			files = (
				12A2B0CE2B81A03000C44B17 /* TokenMannager.swift in Sources */,
				12A2B0BA2B819E4700C44B17 /* IntentViewController.swift in Sources */,
			);
			runOnlyForDeploymentPostprocessing = 0;
		};
		12E818352B247C710016AF71 /* Sources */ = {
			isa = PBXSourcesBuildPhase;
			buildActionMask = 2147483647;
			files = (
				12E818542B2495570016AF71 /* ViewController.swift in Sources */,
				12E8184B2B247D2D0016AF71 /* Reachability.swift in Sources */,
				12E818502B248E900016AF71 /* WebView.swift in Sources */,
				12E8183D2B247C710016AF71 /* LooiApp.swift in Sources */,
				12A2B0CC2B81A03000C44B17 /* TokenMannager.swift in Sources */,
				12E8184D2B248E340016AF71 /* SplashView.swift in Sources */,
			);
			runOnlyForDeploymentPostprocessing = 0;
		};
/* End PBXSourcesBuildPhase section */

/* Begin PBXTargetDependency section */
		1204AFFE2B45389600C92C40 /* PBXTargetDependency */ = {
			isa = PBXTargetDependency;
			target = 1204AFF72B45389600C92C40 /* NotificationServiceExtension */;
			targetProxy = 1204AFFD2B45389600C92C40 /* PBXContainerItemProxy */;
		};
		12A2B0C02B819E4700C44B17 /* PBXTargetDependency */ = {
			isa = PBXTargetDependency;
			target = 12A2B0B52B819E4700C44B17 /* shortcutsUI */;
			targetProxy = 12A2B0BF2B819E4700C44B17 /* PBXContainerItemProxy */;
		};
		12A2B0C32B819E4700C44B17 /* PBXTargetDependency */ = {
			isa = PBXTargetDependency;
			target = 12A2B0AB2B819E4700C44B17 /* shortcuts */;
			targetProxy = 12A2B0C22B819E4700C44B17 /* PBXContainerItemProxy */;
		};
/* End PBXTargetDependency section */

/* Begin PBXVariantGroup section */
		12A2B0BB2B819E4700C44B17 /* MainInterface.storyboard */ = {
			isa = PBXVariantGroup;
			children = (
				12A2B0BC2B819E4700C44B17 /* Base */,
			);
			name = MainInterface.storyboard;
			sourceTree = "<group>";
		};
/* End PBXVariantGroup section */

/* Begin XCBuildConfiguration section */
		1204B0012B45389600C92C40 /* Debug */ = {
			isa = XCBuildConfiguration;
			buildSettings = {
				ASSETCATALOG_COMPILER_GENERATE_SWIFT_ASSET_SYMBOL_EXTENSIONS = YES;
				CODE_SIGN_IDENTITY = "Apple Development";
				"CODE_SIGN_IDENTITY[sdk=iphoneos*]" = "iPhone Developer";
				CODE_SIGN_STYLE = Automatic;
				CURRENT_PROJECT_VERSION = 6;
				DEVELOPMENT_TEAM = 76KPWSL348;
				GCC_C_LANGUAGE_STANDARD = gnu17;
				GENERATE_INFOPLIST_FILE = YES;
				INFOPLIST_FILE = NotificationServiceExtension/Info.plist;
				INFOPLIST_KEY_CFBundleDisplayName = NotificationServiceExtension;
				INFOPLIST_KEY_LSApplicationCategoryType = "public.app-category.lifestyle";
				INFOPLIST_KEY_NSHumanReadableCopyright = "";
				INFOPLIST_KEY_NSLocationAlwaysAndWhenInUseUsageDescription = "";
				INFOPLIST_KEY_NSLocationAlwaysUsageDescription = "";
				IPHONEOS_DEPLOYMENT_TARGET = 16.4;
				LD_RUNPATH_SEARCH_PATHS = (
					"$(inherited)",
					"@executable_path/Frameworks",
					"@executable_path/../../Frameworks",
				);
				LOCALIZATION_PREFERS_STRING_CATALOGS = YES;
				MARKETING_VERSION = 1.4.0;
				PRODUCT_BUNDLE_IDENTIFIER = zip.docent.looi.NotificationServiceExtension;
				PRODUCT_NAME = "$(TARGET_NAME)";
				SKIP_INSTALL = YES;
				SUPPORTED_PLATFORMS = "iphoneos iphonesimulator";
				SUPPORTS_MACCATALYST = NO;
				SUPPORTS_MAC_DESIGNED_FOR_IPHONE_IPAD = NO;
				SWIFT_ACTIVE_COMPILATION_CONDITIONS = "DEBUG $(inherited)";
				SWIFT_EMIT_LOC_STRINGS = YES;
				SWIFT_VERSION = 5.0;
				TARGETED_DEVICE_FAMILY = 1;
			};
			name = Debug;
		};
		1204B0022B45389600C92C40 /* Release */ = {
			isa = XCBuildConfiguration;
			buildSettings = {
				ASSETCATALOG_COMPILER_GENERATE_SWIFT_ASSET_SYMBOL_EXTENSIONS = YES;
				CODE_SIGN_STYLE = Automatic;
				CURRENT_PROJECT_VERSION = 6;
				DEVELOPMENT_TEAM = 76KPWSL348;
				GCC_C_LANGUAGE_STANDARD = gnu17;
				GENERATE_INFOPLIST_FILE = YES;
				INFOPLIST_FILE = NotificationServiceExtension/Info.plist;
				INFOPLIST_KEY_CFBundleDisplayName = NotificationServiceExtension;
				INFOPLIST_KEY_LSApplicationCategoryType = "public.app-category.lifestyle";
				INFOPLIST_KEY_NSHumanReadableCopyright = "";
				INFOPLIST_KEY_NSLocationAlwaysAndWhenInUseUsageDescription = "";
				INFOPLIST_KEY_NSLocationAlwaysUsageDescription = "";
				IPHONEOS_DEPLOYMENT_TARGET = 16.4;
				LD_RUNPATH_SEARCH_PATHS = (
					"$(inherited)",
					"@executable_path/Frameworks",
					"@executable_path/../../Frameworks",
				);
				LOCALIZATION_PREFERS_STRING_CATALOGS = YES;
				MARKETING_VERSION = 1.4.0;
				PRODUCT_BUNDLE_IDENTIFIER = zip.docent.looi.NotificationServiceExtension;
				PRODUCT_NAME = "$(TARGET_NAME)";
				SKIP_INSTALL = YES;
				SUPPORTED_PLATFORMS = "iphoneos iphonesimulator";
				SUPPORTS_MACCATALYST = NO;
				SUPPORTS_MAC_DESIGNED_FOR_IPHONE_IPAD = NO;
				SWIFT_EMIT_LOC_STRINGS = YES;
				SWIFT_VERSION = 5.0;
				TARGETED_DEVICE_FAMILY = 1;
			};
			name = Release;
		};
		12A2B0C62B819E4700C44B17 /* Debug */ = {
			isa = XCBuildConfiguration;
			buildSettings = {
				ASSETCATALOG_COMPILER_GENERATE_SWIFT_ASSET_SYMBOL_EXTENSIONS = YES;
				CODE_SIGN_IDENTITY = "Apple Development";
				"CODE_SIGN_IDENTITY[sdk=iphoneos*]" = "iPhone Developer";
				CODE_SIGN_STYLE = Automatic;
				CURRENT_PROJECT_VERSION = 6;
				DEVELOPMENT_TEAM = 76KPWSL348;
				GCC_C_LANGUAGE_STANDARD = gnu17;
				GENERATE_INFOPLIST_FILE = YES;
				INFOPLIST_FILE = shortcutsUI/Info.plist;
				INFOPLIST_KEY_CFBundleDisplayName = shortcutsUI;
				INFOPLIST_KEY_NSHumanReadableCopyright = "";
				IPHONEOS_DEPLOYMENT_TARGET = 17.2;
				LD_RUNPATH_SEARCH_PATHS = (
					"$(inherited)",
					"@executable_path/Frameworks",
					"@executable_path/../../Frameworks",
				);
				LOCALIZATION_PREFERS_STRING_CATALOGS = YES;
				MARKETING_VERSION = 1.4.0;
				PRODUCT_BUNDLE_IDENTIFIER = zip.docent.looi.shortcutsUI;
				PRODUCT_NAME = "$(TARGET_NAME)";
				SKIP_INSTALL = YES;
				SWIFT_ACTIVE_COMPILATION_CONDITIONS = "DEBUG $(inherited)";
				SWIFT_EMIT_LOC_STRINGS = YES;
				SWIFT_VERSION = 5.0;
				TARGETED_DEVICE_FAMILY = "1,2";
			};
			name = Debug;
		};
		12A2B0C72B819E4700C44B17 /* Release */ = {
			isa = XCBuildConfiguration;
			buildSettings = {
				ASSETCATALOG_COMPILER_GENERATE_SWIFT_ASSET_SYMBOL_EXTENSIONS = YES;
				CODE_SIGN_IDENTITY = "Apple Development";
				CODE_SIGN_STYLE = Automatic;
				CURRENT_PROJECT_VERSION = 6;
				DEVELOPMENT_TEAM = 76KPWSL348;
				GCC_C_LANGUAGE_STANDARD = gnu17;
				GENERATE_INFOPLIST_FILE = YES;
				INFOPLIST_FILE = shortcutsUI/Info.plist;
				INFOPLIST_KEY_CFBundleDisplayName = shortcutsUI;
				INFOPLIST_KEY_NSHumanReadableCopyright = "";
				IPHONEOS_DEPLOYMENT_TARGET = 17.2;
				LD_RUNPATH_SEARCH_PATHS = (
					"$(inherited)",
					"@executable_path/Frameworks",
					"@executable_path/../../Frameworks",
				);
				LOCALIZATION_PREFERS_STRING_CATALOGS = YES;
				MARKETING_VERSION = 1.4.0;
				PRODUCT_BUNDLE_IDENTIFIER = zip.docent.looi.shortcutsUI;
				PRODUCT_NAME = "$(TARGET_NAME)";
				SKIP_INSTALL = YES;
				SWIFT_EMIT_LOC_STRINGS = YES;
				SWIFT_VERSION = 5.0;
				TARGETED_DEVICE_FAMILY = "1,2";
			};
			name = Release;
		};
		12A2B0C92B819E4700C44B17 /* Debug */ = {
			isa = XCBuildConfiguration;
			buildSettings = {
				ASSETCATALOG_COMPILER_GENERATE_SWIFT_ASSET_SYMBOL_EXTENSIONS = YES;
				CODE_SIGN_IDENTITY = "Apple Development";
				"CODE_SIGN_IDENTITY[sdk=iphoneos*]" = "iPhone Developer";
				CODE_SIGN_STYLE = Automatic;
				CURRENT_PROJECT_VERSION = 6;
				DEVELOPMENT_TEAM = 76KPWSL348;
				GCC_C_LANGUAGE_STANDARD = gnu17;
				GENERATE_INFOPLIST_FILE = YES;
				INFOPLIST_FILE = shortcuts/Info.plist;
				INFOPLIST_KEY_CFBundleDisplayName = shortcuts;
				INFOPLIST_KEY_NSHumanReadableCopyright = "";
				IPHONEOS_DEPLOYMENT_TARGET = 17.2;
				LD_RUNPATH_SEARCH_PATHS = (
					"$(inherited)",
					"@executable_path/Frameworks",
					"@executable_path/../../Frameworks",
				);
				LOCALIZATION_PREFERS_STRING_CATALOGS = YES;
				MARKETING_VERSION = 1.4.0;
				PRODUCT_BUNDLE_IDENTIFIER = zip.docent.looi.shortcuts;
				PRODUCT_NAME = "$(TARGET_NAME)";
				SKIP_INSTALL = YES;
				SWIFT_ACTIVE_COMPILATION_CONDITIONS = "DEBUG $(inherited)";
				SWIFT_EMIT_LOC_STRINGS = YES;
				SWIFT_VERSION = 5.0;
				TARGETED_DEVICE_FAMILY = "1,2";
			};
			name = Debug;
		};
		12A2B0CA2B819E4700C44B17 /* Release */ = {
			isa = XCBuildConfiguration;
			buildSettings = {
				ASSETCATALOG_COMPILER_GENERATE_SWIFT_ASSET_SYMBOL_EXTENSIONS = YES;
				CODE_SIGN_IDENTITY = "Apple Development";
				CODE_SIGN_STYLE = Automatic;
				CURRENT_PROJECT_VERSION = 6;
				DEVELOPMENT_TEAM = 76KPWSL348;
				GCC_C_LANGUAGE_STANDARD = gnu17;
				GENERATE_INFOPLIST_FILE = YES;
				INFOPLIST_FILE = shortcuts/Info.plist;
				INFOPLIST_KEY_CFBundleDisplayName = shortcuts;
				INFOPLIST_KEY_NSHumanReadableCopyright = "";
				IPHONEOS_DEPLOYMENT_TARGET = 17.2;
				LD_RUNPATH_SEARCH_PATHS = (
					"$(inherited)",
					"@executable_path/Frameworks",
					"@executable_path/../../Frameworks",
				);
				LOCALIZATION_PREFERS_STRING_CATALOGS = YES;
				MARKETING_VERSION = 1.4.0;
				PRODUCT_BUNDLE_IDENTIFIER = zip.docent.looi.shortcuts;
				PRODUCT_NAME = "$(TARGET_NAME)";
				SKIP_INSTALL = YES;
				SWIFT_EMIT_LOC_STRINGS = YES;
				SWIFT_VERSION = 5.0;
				TARGETED_DEVICE_FAMILY = "1,2";
			};
			name = Release;
		};
		12E818452B247C720016AF71 /* Debug */ = {
			isa = XCBuildConfiguration;
			buildSettings = {
				ALWAYS_SEARCH_USER_PATHS = NO;
				CLANG_ANALYZER_NONNULL = YES;
				CLANG_ANALYZER_NUMBER_OBJECT_CONVERSION = YES_AGGRESSIVE;
				CLANG_CXX_LANGUAGE_STANDARD = "gnu++20";
				CLANG_ENABLE_MODULES = YES;
				CLANG_ENABLE_OBJC_ARC = YES;
				CLANG_ENABLE_OBJC_WEAK = YES;
				CLANG_WARN_BLOCK_CAPTURE_AUTORELEASING = YES;
				CLANG_WARN_BOOL_CONVERSION = YES;
				CLANG_WARN_COMMA = YES;
				CLANG_WARN_CONSTANT_CONVERSION = YES;
				CLANG_WARN_DEPRECATED_OBJC_IMPLEMENTATIONS = YES;
				CLANG_WARN_DIRECT_OBJC_ISA_USAGE = YES_ERROR;
				CLANG_WARN_DOCUMENTATION_COMMENTS = YES;
				CLANG_WARN_EMPTY_BODY = YES;
				CLANG_WARN_ENUM_CONVERSION = YES;
				CLANG_WARN_INFINITE_RECURSION = YES;
				CLANG_WARN_INT_CONVERSION = YES;
				CLANG_WARN_NON_LITERAL_NULL_CONVERSION = YES;
				CLANG_WARN_OBJC_IMPLICIT_RETAIN_SELF = YES;
				CLANG_WARN_OBJC_LITERAL_CONVERSION = YES;
				CLANG_WARN_OBJC_ROOT_CLASS = YES_ERROR;
				CLANG_WARN_QUOTED_INCLUDE_IN_FRAMEWORK_HEADER = YES;
				CLANG_WARN_RANGE_LOOP_ANALYSIS = YES;
				CLANG_WARN_STRICT_PROTOTYPES = YES;
				CLANG_WARN_SUSPICIOUS_MOVE = YES;
				CLANG_WARN_UNGUARDED_AVAILABILITY = YES_AGGRESSIVE;
				CLANG_WARN_UNREACHABLE_CODE = YES;
				CLANG_WARN__DUPLICATE_METHOD_MATCH = YES;
				COPY_PHASE_STRIP = NO;
				DEBUG_INFORMATION_FORMAT = dwarf;
				ENABLE_STRICT_OBJC_MSGSEND = YES;
				ENABLE_TESTABILITY = YES;
				ENABLE_USER_SCRIPT_SANDBOXING = YES;
				GCC_C_LANGUAGE_STANDARD = gnu11;
				GCC_DYNAMIC_NO_PIC = NO;
				GCC_NO_COMMON_BLOCKS = YES;
				GCC_OPTIMIZATION_LEVEL = 0;
				GCC_PREPROCESSOR_DEFINITIONS = (
					"DEBUG=1",
					"$(inherited)",
				);
				GCC_WARN_64_TO_32_BIT_CONVERSION = YES;
				GCC_WARN_ABOUT_RETURN_TYPE = YES_ERROR;
				GCC_WARN_UNDECLARED_SELECTOR = YES;
				GCC_WARN_UNINITIALIZED_AUTOS = YES_AGGRESSIVE;
				GCC_WARN_UNUSED_FUNCTION = YES;
				GCC_WARN_UNUSED_VARIABLE = YES;
				INFOPLIST_KEY_CFBundleDisplayName = Looi;
				INFOPLIST_KEY_LSApplicationCategoryType = "public.app-category.lifestyle";
				INFOPLIST_KEY_NSLocationAlwaysAndWhenInUseUsageDescription = "";
				INFOPLIST_KEY_NSLocationAlwaysUsageDescription = "";
				IPHONEOS_DEPLOYMENT_TARGET = 16.4;
				MTL_ENABLE_DEBUG_INFO = INCLUDE_SOURCE;
				MTL_FAST_MATH = YES;
				ONLY_ACTIVE_ARCH = YES;
				SDKROOT = iphoneos;
				SWIFT_ACTIVE_COMPILATION_CONDITIONS = DEBUG;
				SWIFT_OPTIMIZATION_LEVEL = "-Onone";
			};
			name = Debug;
		};
		12E818462B247C720016AF71 /* Release */ = {
			isa = XCBuildConfiguration;
			buildSettings = {
				ALWAYS_SEARCH_USER_PATHS = NO;
				CLANG_ANALYZER_NONNULL = YES;
				CLANG_ANALYZER_NUMBER_OBJECT_CONVERSION = YES_AGGRESSIVE;
				CLANG_CXX_LANGUAGE_STANDARD = "gnu++20";
				CLANG_ENABLE_MODULES = YES;
				CLANG_ENABLE_OBJC_ARC = YES;
				CLANG_ENABLE_OBJC_WEAK = YES;
				CLANG_WARN_BLOCK_CAPTURE_AUTORELEASING = YES;
				CLANG_WARN_BOOL_CONVERSION = YES;
				CLANG_WARN_COMMA = YES;
				CLANG_WARN_CONSTANT_CONVERSION = YES;
				CLANG_WARN_DEPRECATED_OBJC_IMPLEMENTATIONS = YES;
				CLANG_WARN_DIRECT_OBJC_ISA_USAGE = YES_ERROR;
				CLANG_WARN_DOCUMENTATION_COMMENTS = YES;
				CLANG_WARN_EMPTY_BODY = YES;
				CLANG_WARN_ENUM_CONVERSION = YES;
				CLANG_WARN_INFINITE_RECURSION = YES;
				CLANG_WARN_INT_CONVERSION = YES;
				CLANG_WARN_NON_LITERAL_NULL_CONVERSION = YES;
				CLANG_WARN_OBJC_IMPLICIT_RETAIN_SELF = YES;
				CLANG_WARN_OBJC_LITERAL_CONVERSION = YES;
				CLANG_WARN_OBJC_ROOT_CLASS = YES_ERROR;
				CLANG_WARN_QUOTED_INCLUDE_IN_FRAMEWORK_HEADER = YES;
				CLANG_WARN_RANGE_LOOP_ANALYSIS = YES;
				CLANG_WARN_STRICT_PROTOTYPES = YES;
				CLANG_WARN_SUSPICIOUS_MOVE = YES;
				CLANG_WARN_UNGUARDED_AVAILABILITY = YES_AGGRESSIVE;
				CLANG_WARN_UNREACHABLE_CODE = YES;
				CLANG_WARN__DUPLICATE_METHOD_MATCH = YES;
				COPY_PHASE_STRIP = NO;
				DEBUG_INFORMATION_FORMAT = "dwarf-with-dsym";
				ENABLE_NS_ASSERTIONS = NO;
				ENABLE_STRICT_OBJC_MSGSEND = YES;
				ENABLE_USER_SCRIPT_SANDBOXING = YES;
				GCC_C_LANGUAGE_STANDARD = gnu11;
				GCC_NO_COMMON_BLOCKS = YES;
				GCC_WARN_64_TO_32_BIT_CONVERSION = YES;
				GCC_WARN_ABOUT_RETURN_TYPE = YES_ERROR;
				GCC_WARN_UNDECLARED_SELECTOR = YES;
				GCC_WARN_UNINITIALIZED_AUTOS = YES_AGGRESSIVE;
				GCC_WARN_UNUSED_FUNCTION = YES;
				GCC_WARN_UNUSED_VARIABLE = YES;
				INFOPLIST_KEY_CFBundleDisplayName = Looi;
				INFOPLIST_KEY_LSApplicationCategoryType = "public.app-category.lifestyle";
				INFOPLIST_KEY_NSLocationAlwaysAndWhenInUseUsageDescription = "";
				INFOPLIST_KEY_NSLocationAlwaysUsageDescription = "";
				IPHONEOS_DEPLOYMENT_TARGET = 16.4;
				MTL_ENABLE_DEBUG_INFO = NO;
				MTL_FAST_MATH = YES;
				SDKROOT = iphoneos;
				SWIFT_COMPILATION_MODE = wholemodule;
				SWIFT_OPTIMIZATION_LEVEL = "-O";
				VALIDATE_PRODUCT = YES;
			};
			name = Release;
		};
		12E818482B247C720016AF71 /* Debug */ = {
			isa = XCBuildConfiguration;
			baseConfigurationReference = 1255B89F2B469BD300034EE9 /* Debug.xcconfig */;
			buildSettings = {
				ALWAYS_EMBED_SWIFT_STANDARD_LIBRARIES = YES;
				ASSETCATALOG_COMPILER_APPICON_NAME = AppIcon;
				ASSETCATALOG_COMPILER_GLOBAL_ACCENT_COLOR_NAME = AccentColor;
				CODE_SIGN_ENTITLEMENTS = Looi/LooiDebug.entitlements;
				CODE_SIGN_IDENTITY = "Apple Development";
				"CODE_SIGN_IDENTITY[sdk=iphoneos*]" = "iPhone Developer";
				CODE_SIGN_STYLE = Manual;
				CURRENT_PROJECT_VERSION = 6;
				DEVELOPMENT_ASSET_PATHS = "\"Looi/Preview Content\"";
				DEVELOPMENT_TEAM = "";
				"DEVELOPMENT_TEAM[sdk=iphoneos*]" = 76KPWSL348;
				ENABLE_PREVIEWS = YES;
				GENERATE_INFOPLIST_FILE = YES;
				INFOPLIST_FILE = Looi/Info.plist;
				INFOPLIST_KEY_CFBundleDisplayName = Looi;
				INFOPLIST_KEY_LSApplicationCategoryType = "public.app-category.lifestyle";
				INFOPLIST_KEY_NSLocationAlwaysAndWhenInUseUsageDescription = "날씨 확인을 위해 위치 권한이 필요합니다.";
				INFOPLIST_KEY_NSLocationAlwaysUsageDescription = "날씨 확인을 위해 위치 권한이 필요합니다.";
				INFOPLIST_KEY_NSLocationTemporaryUsageDescriptionDictionary = "";
				INFOPLIST_KEY_NSLocationUsageDescription = "날씨 확인을 위해 위치 권한이 필요합니다.";
				INFOPLIST_KEY_NSLocationWhenInUseUsageDescription = "날씨 확인을 위해 위치 권한이 필요합니다.";
				INFOPLIST_KEY_UIApplicationSceneManifest_Generation = YES;
				INFOPLIST_KEY_UIApplicationSupportsIndirectInputEvents = YES;
				INFOPLIST_KEY_UILaunchScreen_Generation = YES;
				INFOPLIST_KEY_UISupportedInterfaceOrientations = UIInterfaceOrientationPortrait;
				LD_RUNPATH_SEARCH_PATHS = (
					"$(inherited)",
					"@executable_path/Frameworks",
				);
				MARKETING_VERSION = 1.4.0;
				PRODUCT_BUNDLE_IDENTIFIER = zip.docent.looi;
				PRODUCT_NAME = "$(TARGET_NAME)";
				PROVISIONING_PROFILE_SPECIFIER = "";
				"PROVISIONING_PROFILE_SPECIFIER[sdk=iphoneos*]" = "Looi-profile-dev";
				SUPPORTED_PLATFORMS = "iphoneos iphonesimulator";
				SUPPORTS_MACCATALYST = NO;
				SUPPORTS_MAC_DESIGNED_FOR_IPHONE_IPAD = NO;
				SWIFT_EMIT_LOC_STRINGS = YES;
				SWIFT_VERSION = 5.0;
				TARGETED_DEVICE_FAMILY = 1;
			};
			name = Debug;
		};
		12E818492B247C720016AF71 /* Release */ = {
			isa = XCBuildConfiguration;
			baseConfigurationReference = 1255B8A12B469BFB00034EE9 /* Release.xcconfig */;
			buildSettings = {
				ALWAYS_EMBED_SWIFT_STANDARD_LIBRARIES = YES;
				ASSETCATALOG_COMPILER_APPICON_NAME = AppIcon;
				ASSETCATALOG_COMPILER_GLOBAL_ACCENT_COLOR_NAME = AccentColor;
				CODE_SIGN_ENTITLEMENTS = Looi/LooiRelease.entitlements;
				CODE_SIGN_IDENTITY = "Apple Development";
				CODE_SIGN_STYLE = Automatic;
				CURRENT_PROJECT_VERSION = 6;
				DEVELOPMENT_ASSET_PATHS = "\"Looi/Preview Content\"";
				DEVELOPMENT_TEAM = 76KPWSL348;
				ENABLE_PREVIEWS = YES;
				GENERATE_INFOPLIST_FILE = YES;
				INFOPLIST_FILE = Looi/Info.plist;
				INFOPLIST_KEY_CFBundleDisplayName = Looi;
				INFOPLIST_KEY_LSApplicationCategoryType = "public.app-category.lifestyle";
				INFOPLIST_KEY_NSLocationAlwaysAndWhenInUseUsageDescription = "날씨 확인을 위해 위치 권한이 필요합니다.";
				INFOPLIST_KEY_NSLocationAlwaysUsageDescription = "날씨 확인을 위해 위치 권한이 필요합니다.";
				INFOPLIST_KEY_NSLocationTemporaryUsageDescriptionDictionary = "";
				INFOPLIST_KEY_NSLocationUsageDescription = "날씨 확인을 위해 위치 권한이 필요합니다.";
				INFOPLIST_KEY_NSLocationWhenInUseUsageDescription = "날씨 확인을 위해 위치 권한이 필요합니다.";
				INFOPLIST_KEY_UIApplicationSceneManifest_Generation = YES;
				INFOPLIST_KEY_UIApplicationSupportsIndirectInputEvents = YES;
				INFOPLIST_KEY_UILaunchScreen_Generation = YES;
				INFOPLIST_KEY_UISupportedInterfaceOrientations = UIInterfaceOrientationPortrait;
				LD_RUNPATH_SEARCH_PATHS = (
					"$(inherited)",
					"@executable_path/Frameworks",
				);
				MARKETING_VERSION = 1.4.0;
				PRODUCT_BUNDLE_IDENTIFIER = zip.docent.looi;
				PRODUCT_NAME = "$(TARGET_NAME)";
				PROVISIONING_PROFILE_SPECIFIER = "";
				SUPPORTED_PLATFORMS = "iphoneos iphonesimulator";
				SUPPORTS_MACCATALYST = NO;
				SUPPORTS_MAC_DESIGNED_FOR_IPHONE_IPAD = NO;
				SWIFT_EMIT_LOC_STRINGS = YES;
				SWIFT_VERSION = 5.0;
				TARGETED_DEVICE_FAMILY = 1;
			};
			name = Release;
		};
/* End XCBuildConfiguration section */

/* Begin XCConfigurationList section */
		1204B0032B45389600C92C40 /* Build configuration list for PBXNativeTarget "NotificationServiceExtension" */ = {
			isa = XCConfigurationList;
			buildConfigurations = (
				1204B0012B45389600C92C40 /* Debug */,
				1204B0022B45389600C92C40 /* Release */,
			);
			defaultConfigurationIsVisible = 0;
			defaultConfigurationName = Release;
		};
		12A2B0C52B819E4700C44B17 /* Build configuration list for PBXNativeTarget "shortcutsUI" */ = {
			isa = XCConfigurationList;
			buildConfigurations = (
				12A2B0C62B819E4700C44B17 /* Debug */,
				12A2B0C72B819E4700C44B17 /* Release */,
			);
			defaultConfigurationIsVisible = 0;
			defaultConfigurationName = Release;
		};
		12A2B0C82B819E4700C44B17 /* Build configuration list for PBXNativeTarget "shortcuts" */ = {
			isa = XCConfigurationList;
			buildConfigurations = (
				12A2B0C92B819E4700C44B17 /* Debug */,
				12A2B0CA2B819E4700C44B17 /* Release */,
			);
			defaultConfigurationIsVisible = 0;
			defaultConfigurationName = Release;
		};
		12E818342B247C710016AF71 /* Build configuration list for PBXProject "Looi" */ = {
			isa = XCConfigurationList;
			buildConfigurations = (
				12E818452B247C720016AF71 /* Debug */,
				12E818462B247C720016AF71 /* Release */,
			);
			defaultConfigurationIsVisible = 0;
			defaultConfigurationName = Release;
		};
		12E818472B247C720016AF71 /* Build configuration list for PBXNativeTarget "Looi" */ = {
			isa = XCConfigurationList;
			buildConfigurations = (
				12E818482B247C720016AF71 /* Debug */,
				12E818492B247C720016AF71 /* Release */,
			);
			defaultConfigurationIsVisible = 0;
			defaultConfigurationName = Release;
		};
/* End XCConfigurationList section */

/* Begin XCRemoteSwiftPackageReference section */
		12A0C7E12B43E7DC0060E039 /* XCRemoteSwiftPackageReference "firebase-ios-sdk" */ = {
			isa = XCRemoteSwiftPackageReference;
			repositoryURL = "https://github.com/firebase/firebase-ios-sdk";
			requirement = {
				kind = upToNextMajorVersion;
				minimumVersion = 10.19.1;
			};
		};
/* End XCRemoteSwiftPackageReference section */

/* Begin XCSwiftPackageProductDependency section */
		12A0C7E22B43E7DC0060E039 /* FirebaseAnalytics */ = {
			isa = XCSwiftPackageProductDependency;
			package = 12A0C7E12B43E7DC0060E039 /* XCRemoteSwiftPackageReference "firebase-ios-sdk" */;
			productName = FirebaseAnalytics;
		};
		12A0C7E42B43E7DC0060E039 /* FirebaseAnalyticsOnDeviceConversion */ = {
			isa = XCSwiftPackageProductDependency;
			package = 12A0C7E12B43E7DC0060E039 /* XCRemoteSwiftPackageReference "firebase-ios-sdk" */;
			productName = FirebaseAnalyticsOnDeviceConversion;
		};
		12A0C7E62B43E7DC0060E039 /* FirebaseAnalyticsSwift */ = {
			isa = XCSwiftPackageProductDependency;
			package = 12A0C7E12B43E7DC0060E039 /* XCRemoteSwiftPackageReference "firebase-ios-sdk" */;
			productName = FirebaseAnalyticsSwift;
		};
		12A0C7E82B43E7DC0060E039 /* FirebaseAnalyticsWithoutAdIdSupport */ = {
			isa = XCSwiftPackageProductDependency;
			package = 12A0C7E12B43E7DC0060E039 /* XCRemoteSwiftPackageReference "firebase-ios-sdk" */;
			productName = FirebaseAnalyticsWithoutAdIdSupport;
		};
		12A0C7EA2B43E7DC0060E039 /* FirebaseAppCheck */ = {
			isa = XCSwiftPackageProductDependency;
			package = 12A0C7E12B43E7DC0060E039 /* XCRemoteSwiftPackageReference "firebase-ios-sdk" */;
			productName = FirebaseAppCheck;
		};
		12A0C7F22B43FA800060E039 /* FirebaseMessaging */ = {
			isa = XCSwiftPackageProductDependency;
			package = 12A0C7E12B43E7DC0060E039 /* XCRemoteSwiftPackageReference "firebase-ios-sdk" */;
			productName = FirebaseMessaging;
		};
/* End XCSwiftPackageProductDependency section */
	};
	rootObject = 12E818312B247C710016AF71 /* Project object */;
}
